
Microsoft Visual Studio Solution File, Format Version 12.00
# Visual Studio 2013
VisualStudioVersion = 12.0.40629.0
MinimumVisualStudioVersion = 10.0.40219.1
Project("{FAE04EC0-301F-11D3-BF4B-00C04F79EFBC}") = "GsmFactoryConsoleClient", "GsmFactoryConsoleClient\GsmFactoryConsoleClient.csproj", "{1BF127DF-786A-4990-A58D-BF6C6FEF5EEE}"
EndProject
Project("{FAE04EC0-301F-11D3-BF4B-00C04F79EFBC}") = "GsmFactory.MongoDb", "GsmFactory.MongoDb\GsmFactory.MongoDb.csproj", "{B56306C5-05BE-45CD-A1A0-80A25FCDAFDF}"
EndProject
Project("{FAE04EC0-301F-11D3-BF4B-00C04F79EFBC}") = "GSMFactory.Data", "GSMFactory.Data\GSMFactory.Data.csproj", "{AD3095C9-1B1A-4240-99FC-0580D078BEAE}"
EndProject
Project("{FAE04EC0-301F-11D3-BF4B-00C04F79EFBC}") = "GSMFactory.Models", "GSMFactory.Models\GSMFactory.Models.csproj", "{440DB582-C427-441C-BFCC-8474AC205FF3}"
EndProject
Global
	GlobalSection(SolutionConfigurationPlatforms) = preSolution
		Debug|Any CPU = Debug|Any CPU
		Release|Any CPU = Release|Any CPU
	EndGlobalSection
	GlobalSection(ProjectConfigurationPlatforms) = postSolution
		{1BF127DF-786A-4990-A58D-BF6C6FEF5EEE}.Debug|Any CPU.ActiveCfg = Debug|Any CPU
		{1BF127DF-786A-4990-A58D-BF6C6FEF5EEE}.Debug|Any CPU.Build.0 = Debug|Any CPU
		{1BF127DF-786A-4990-A58D-BF6C6FEF5EEE}.Release|Any CPU.ActiveCfg = Release|Any CPU
		{1BF127DF-786A-4990-A58D-BF6C6FEF5EEE}.Release|Any CPU.Build.0 = Release|Any CPU
		{B56306C5-05BE-45CD-A1A0-80A25FCDAFDF}.Debug|Any CPU.ActiveCfg = Debug|Any CPU
		{B56306C5-05BE-45CD-A1A0-80A25FCDAFDF}.Debug|Any CPU.Build.0 = Debug|Any CPU
		{B56306C5-05BE-45CD-A1A0-80A25FCDAFDF}.Release|Any CPU.ActiveCfg = Release|Any CPU
		{B56306C5-05BE-45CD-A1A0-80A25FCDAFDF}.Release|Any CPU.Build.0 = Release|Any CPU
		{AD3095C9-1B1A-4240-99FC-0580D078BEAE}.Debug|Any CPU.ActiveCfg = Debug|Any CPU
		{AD3095C9-1B1A-4240-99FC-0580D078BEAE}.Debug|Any CPU.Build.0 = Debug|Any CPU
		{AD3095C9-1B1A-4240-99FC-0580D078BEAE}.Release|Any CPU.ActiveCfg = Release|Any CPU
		{AD3095C9-1B1A-4240-99FC-0580D078BEAE}.Release|Any CPU.Build.0 = Release|Any CPU
		{440DB582-C427-441C-BFCC-8474AC205FF3}.Debug|Any CPU.ActiveCfg = Debug|Any CPU
		{440DB582-C427-441C-BFCC-8474AC205FF3}.Debug|Any CPU.Build.0 = Debug|Any CPU
		{440DB582-C427-441C-BFCC-8474AC205FF3}.Release|Any CPU.ActiveCfg = Release|Any CPU
		{440DB582-C427-441C-BFCC-8474AC205FF3}.Release|Any CPU.Build.0 = Release|Any CPU
	EndGlobalSection
	GlobalSection(SolutionProperties) = preSolution
		HideSolutionNode = FALSE
	EndGlobalSection
EndGlobal
