
Microsoft Visual Studio Solution File, Format Version 12.00
# Visual Studio 14
VisualStudioVersion = 14.0.23107.0
MinimumVisualStudioVersion = 10.0.40219.1
Project("{FAE04EC0-301F-11D3-BF4B-00C04F79EFBC}") = "GsmFactory.MongoDb", "GsmFactory.MongoDb\GsmFactory.MongoDb.csproj", "{26B2C35D-C56A-451B-9BC4-BF6D9EEB5219}"
EndProject
Project("{FAE04EC0-301F-11D3-BF4B-00C04F79EFBC}") = "ExtensionsMethods", "ExtensionsMethods\ExtensionsMethods.csproj", "{9E845EAC-E625-43B5-B34E-BFF7E235D849}"
EndProject
Global
	GlobalSection(SolutionConfigurationPlatforms) = preSolution
		Debug|Any CPU = Debug|Any CPU
		Release|Any CPU = Release|Any CPU
	EndGlobalSection
	GlobalSection(ProjectConfigurationPlatforms) = postSolution
		{26B2C35D-C56A-451B-9BC4-BF6D9EEB5219}.Debug|Any CPU.ActiveCfg = Debug|Any CPU
		{26B2C35D-C56A-451B-9BC4-BF6D9EEB5219}.Debug|Any CPU.Build.0 = Debug|Any CPU
		{26B2C35D-C56A-451B-9BC4-BF6D9EEB5219}.Release|Any CPU.ActiveCfg = Release|Any CPU
		{26B2C35D-C56A-451B-9BC4-BF6D9EEB5219}.Release|Any CPU.Build.0 = Release|Any CPU
		{9E845EAC-E625-43B5-B34E-BFF7E235D849}.Debug|Any CPU.ActiveCfg = Debug|Any CPU
		{9E845EAC-E625-43B5-B34E-BFF7E235D849}.Debug|Any CPU.Build.0 = Debug|Any CPU
		{9E845EAC-E625-43B5-B34E-BFF7E235D849}.Release|Any CPU.ActiveCfg = Release|Any CPU
		{9E845EAC-E625-43B5-B34E-BFF7E235D849}.Release|Any CPU.Build.0 = Release|Any CPU
	EndGlobalSection
	GlobalSection(SolutionProperties) = preSolution
		HideSolutionNode = FALSE
	EndGlobalSection
EndGlobal
